
Microsoft Visual Studio Solution File, Format Version 12.00
# Visual Studio Version 17
VisualStudioVersion = 17.1.32328.378
MinimumVisualStudioVersion = 10.0.40219.1
Project("{FAE04EC0-301F-11D3-BF4B-00C04F79EFBC}") = "MoodAnalizer", "MoodAnalizer.csproj", "{84B9E792-2681-4895-AAFF-F375A952920A}"
EndProject
Global
	GlobalSection(SolutionConfigurationPlatforms) = preSolution
		Debug|Any CPU = Debug|Any CPU
		Release|Any CPU = Release|Any CPU
	EndGlobalSection
	GlobalSection(ProjectConfigurationPlatforms) = postSolution
		{84B9E792-2681-4895-AAFF-F375A952920A}.Debug|Any CPU.ActiveCfg = Debug|Any CPU
		{84B9E792-2681-4895-AAFF-F375A952920A}.Debug|Any CPU.Build.0 = Debug|Any CPU
		{84B9E792-2681-4895-AAFF-F375A952920A}.Release|Any CPU.ActiveCfg = Release|Any CPU
		{84B9E792-2681-4895-AAFF-F375A952920A}.Release|Any CPU.Build.0 = Release|Any CPU
	EndGlobalSection
	GlobalSection(SolutionProperties) = preSolution
		HideSolutionNode = FALSE
	EndGlobalSection
	GlobalSection(ExtensibilityGlobals) = postSolution
		SolutionGuid = {57A4AACB-9E9B-4B5F-B480-FDD680C4CD0E}
	EndGlobalSection
EndGlobal
